
Microsoft Visual Studio Solution File, Format Version 12.00
# Visual Studio Version 17
VisualStudioVersion = 17.0.32014.148
MinimumVisualStudioVersion = 10.0.40219.1
Project("{9A19103F-16F7-4668-BE54-9A1E7A4F7556}") = "UTTT", "UTTT\UTTT.csproj", "{CA80BD10-E6E1-4929-8EF4-D5648BFCF458}"
EndProject
Project("{FAE04EC0-301F-11D3-BF4B-00C04F79EFBC}") = "UTTTTests", "UTTTTests\UTTTTests.csproj", "{729E462A-DFA2-4B0B-A4D6-755782B781C0}"
	ProjectSection(ProjectDependencies) = postProject
		{CA80BD10-E6E1-4929-8EF4-D5648BFCF458} = {CA80BD10-E6E1-4929-8EF4-D5648BFCF458}
	EndProjectSection
EndProject
Global
	GlobalSection(SolutionConfigurationPlatforms) = preSolution
		Debug|Any CPU = Debug|Any CPU
		Release|Any CPU = Release|Any CPU
	EndGlobalSection
	GlobalSection(ProjectConfigurationPlatforms) = postSolution
		{CA80BD10-E6E1-4929-8EF4-D5648BFCF458}.Debug|Any CPU.ActiveCfg = Debug|Any CPU
		{CA80BD10-E6E1-4929-8EF4-D5648BFCF458}.Debug|Any CPU.Build.0 = Debug|Any CPU
		{CA80BD10-E6E1-4929-8EF4-D5648BFCF458}.Release|Any CPU.ActiveCfg = Release|Any CPU
		{CA80BD10-E6E1-4929-8EF4-D5648BFCF458}.Release|Any CPU.Build.0 = Release|Any CPU
		{729E462A-DFA2-4B0B-A4D6-755782B781C0}.Debug|Any CPU.ActiveCfg = Debug|Any CPU
		{729E462A-DFA2-4B0B-A4D6-755782B781C0}.Debug|Any CPU.Build.0 = Debug|Any CPU
		{729E462A-DFA2-4B0B-A4D6-755782B781C0}.Release|Any CPU.ActiveCfg = Release|Any CPU
		{729E462A-DFA2-4B0B-A4D6-755782B781C0}.Release|Any CPU.Build.0 = Release|Any CPU
	EndGlobalSection
	GlobalSection(SolutionProperties) = preSolution
		HideSolutionNode = FALSE
	EndGlobalSection
	GlobalSection(ExtensibilityGlobals) = postSolution
		SolutionGuid = {BD0DE004-6A91-4B8F-817B-A12952352427}
	EndGlobalSection
EndGlobal
